// !$*UTF8*$!
{
	archiveVersion = 1;
	classes = {
	};
	objectVersion = 56;
	objects = {

/* Begin PBXBuildFile section */
		0425D10C2A08E7B300F4DB54 /* AppDelegate.swift in Sources */ = {isa = PBXBuildFile; fileRef = 0425D10B2A08E7B300F4DB54 /* AppDelegate.swift */; };
		0425D10E2A08E7B300F4DB54 /* SceneDelegate.swift in Sources */ = {isa = PBXBuildFile; fileRef = 0425D10D2A08E7B300F4DB54 /* SceneDelegate.swift */; };
		0425D1102A08E7B300F4DB54 /* ViewController.swift in Sources */ = {isa = PBXBuildFile; fileRef = 0425D10F2A08E7B300F4DB54 /* ViewController.swift */; };
		0425D1132A08E7B300F4DB54 /* Main.storyboard in Resources */ = {isa = PBXBuildFile; fileRef = 0425D1112A08E7B300F4DB54 /* Main.storyboard */; };
		0425D1152A08E7B600F4DB54 /* Assets.xcassets in Resources */ = {isa = PBXBuildFile; fileRef = 0425D1142A08E7B600F4DB54 /* Assets.xcassets */; };
		0425D1182A08E7B600F4DB54 /* LaunchScreen.storyboard in Resources */ = {isa = PBXBuildFile; fileRef = 0425D1162A08E7B600F4DB54 /* LaunchScreen.storyboard */; };
		0425D1392A08E82700F4DB54 /* bgBlue.png in Resources */ = {isa = PBXBuildFile; fileRef = 0425D1212A08E82700F4DB54 /* bgBlue.png */; };
		0425D13A2A08E82700F4DB54 /* bgGreen.png in Resources */ = {isa = PBXBuildFile; fileRef = 0425D1222A08E82700F4DB54 /* bgGreen.png */; };
		0425D13B2A08E82700F4DB54 /* gacha.png in Resources */ = {isa = PBXBuildFile; fileRef = 0425D1232A08E82700F4DB54 /* gacha.png */; };
		0425D13C2A08E82700F4DB54 /* bgRed.png in Resources */ = {isa = PBXBuildFile; fileRef = 0425D1242A08E82700F4DB54 /* bgRed.png */; };
		0425D13D2A08E82700F4DB54 /* Presentbox.png in Resources */ = {isa = PBXBuildFile; fileRef = 0425D1252A08E82700F4DB54 /* Presentbox.png */; };
		0425D13E2A08E82700F4DB54 /* mediaArt.png in Resources */ = {isa = PBXBuildFile; fileRef = 0425D1272A08E82700F4DB54 /* mediaArt.png */; };
		0425D13F2A08E82700F4DB54 /* digitalMusic.png in Resources */ = {isa = PBXBuildFile; fileRef = 0425D1282A08E82700F4DB54 /* digitalMusic.png */; };
		0425D1402A08E82700F4DB54 /* unity.png in Resources */ = {isa = PBXBuildFile; fileRef = 0425D1292A08E82700F4DB54 /* unity.png */; };
		0425D1412A08E82700F4DB54 /* designer.png in Resources */ = {isa = PBXBuildFile; fileRef = 0425D12A2A08E82700F4DB54 /* designer.png */; };
		0425D1422A08E82700F4DB54 /* movie.png in Resources */ = {isa = PBXBuildFile; fileRef = 0425D12B2A08E82700F4DB54 /* movie.png */; };
		0425D1432A08E82700F4DB54 /* animation.png in Resources */ = {isa = PBXBuildFile; fileRef = 0425D12C2A08E82700F4DB54 /* animation.png */; };
		0425D1442A08E82700F4DB54 /* webService.png in Resources */ = {isa = PBXBuildFile; fileRef = 0425D12D2A08E82700F4DB54 /* webService.png */; };
		0425D1452A08E82700F4DB54 /* android.png in Resources */ = {isa = PBXBuildFile; fileRef = 0425D12E2A08E82700F4DB54 /* android.png */; };
		0425D1462A08E82700F4DB54 /* IoTMesh.png in Resources */ = {isa = PBXBuildFile; fileRef = 0425D12F2A08E82700F4DB54 /* IoTMesh.png */; };
		0425D1472A08E82700F4DB54 /* minecraft.png in Resources */ = {isa = PBXBuildFile; fileRef = 0425D1302A08E82700F4DB54 /* minecraft.png */; };
		0425D1482A08E82700F4DB54 /* maya.png in Resources */ = {isa = PBXBuildFile; fileRef = 0425D1312A08E82700F4DB54 /* maya.png */; };
		0425D1492A08E82700F4DB54 /* iphone.png in Resources */ = {isa = PBXBuildFile; fileRef = 0425D1322A08E82700F4DB54 /* iphone.png */; };
		0425D14A2A08E82700F4DB54 /* webDesign.png in Resources */ = {isa = PBXBuildFile; fileRef = 0425D1332A08E82700F4DB54 /* webDesign.png */; };
		0425D14B2A08E82700F4DB54 /* README.txt in Resources */ = {isa = PBXBuildFile; fileRef = 0425D1342A08E82700F4DB54 /* README.txt */; };
		0425D14C2A08E82700F4DB54 /* miku.png in Resources */ = {isa = PBXBuildFile; fileRef = 0425D1352A08E82700F4DB54 /* miku.png */; };
		0425D14D2A08E82700F4DB54 /* 2DGame.png in Resources */ = {isa = PBXBuildFile; fileRef = 0425D1362A08E82700F4DB54 /* 2DGame.png */; };
		0425D14E2A08E82700F4DB54 /* line.png in Resources */ = {isa = PBXBuildFile; fileRef = 0425D1372A08E82700F4DB54 /* line.png */; };
		0425D14F2A08E82700F4DB54 /* camera.png in Resources */ = {isa = PBXBuildFile; fileRef = 0425D1382A08E82700F4DB54 /* camera.png */; };
		0425D1512A08EAD100F4DB54 /* ResultViewController.swift in Sources */ = {isa = PBXBuildFile; fileRef = 0425D1502A08EAD100F4DB54 /* ResultViewController.swift */; };
/* End PBXBuildFile section */

/* Begin PBXFileReference section */
		0425D1082A08E7B300F4DB54 /* Gacha.app */ = {isa = PBXFileReference; explicitFileType = wrapper.application; includeInIndex = 0; path = Gacha.app; sourceTree = BUILT_PRODUCTS_DIR; };
		0425D10B2A08E7B300F4DB54 /* AppDelegate.swift */ = {isa = PBXFileReference; lastKnownFileType = sourcecode.swift; path = AppDelegate.swift; sourceTree = "<group>"; };
		0425D10D2A08E7B300F4DB54 /* SceneDelegate.swift */ = {isa = PBXFileReference; lastKnownFileType = sourcecode.swift; path = SceneDelegate.swift; sourceTree = "<group>"; };
		0425D10F2A08E7B300F4DB54 /* ViewController.swift */ = {isa = PBXFileReference; lastKnownFileType = sourcecode.swift; path = ViewController.swift; sourceTree = "<group>"; };
		0425D1122A08E7B300F4DB54 /* Base */ = {isa = PBXFileReference; lastKnownFileType = file.storyboard; name = Base; path = Base.lproj/Main.storyboard; sourceTree = "<group>"; };
		0425D1142A08E7B600F4DB54 /* Assets.xcassets */ = {isa = PBXFileReference; lastKnownFileType = folder.assetcatalog; path = Assets.xcassets; sourceTree = "<group>"; };
		0425D1172A08E7B600F4DB54 /* Base */ = {isa = PBXFileReference; lastKnownFileType = file.storyboard; name = Base; path = Base.lproj/LaunchScreen.storyboard; sourceTree = "<group>"; };
		0425D1192A08E7B600F4DB54 /* Info.plist */ = {isa = PBXFileReference; lastKnownFileType = text.plist.xml; path = Info.plist; sourceTree = "<group>"; };
		0425D1212A08E82700F4DB54 /* bgBlue.png */ = {isa = PBXFileReference; lastKnownFileType = image.png; path = bgBlue.png; sourceTree = "<group>"; };
		0425D1222A08E82700F4DB54 /* bgGreen.png */ = {isa = PBXFileReference; lastKnownFileType = image.png; path = bgGreen.png; sourceTree = "<group>"; };
		0425D1232A08E82700F4DB54 /* gacha.png */ = {isa = PBXFileReference; lastKnownFileType = image.png; path = gacha.png; sourceTree = "<group>"; };
		0425D1242A08E82700F4DB54 /* bgRed.png */ = {isa = PBXFileReference; lastKnownFileType = image.png; path = bgRed.png; sourceTree = "<group>"; };
		0425D1252A08E82700F4DB54 /* Presentbox.png */ = {isa = PBXFileReference; lastKnownFileType = image.png; path = Presentbox.png; sourceTree = "<group>"; };
		0425D1272A08E82700F4DB54 /* mediaArt.png */ = {isa = PBXFileReference; lastKnownFileType = image.png; path = mediaArt.png; sourceTree = "<group>"; };
		0425D1282A08E82700F4DB54 /* digitalMusic.png */ = {isa = PBXFileReference; lastKnownFileType = image.png; path = digitalMusic.png; sourceTree = "<group>"; };
		0425D1292A08E82700F4DB54 /* unity.png */ = {isa = PBXFileReference; lastKnownFileType = image.png; path = unity.png; sourceTree = "<group>"; };
		0425D12A2A08E82700F4DB54 /* designer.png */ = {isa = PBXFileReference; lastKnownFileType = image.png; path = designer.png; sourceTree = "<group>"; };
		0425D12B2A08E82700F4DB54 /* movie.png */ = {isa = PBXFileReference; lastKnownFileType = image.png; path = movie.png; sourceTree = "<group>"; };
		0425D12C2A08E82700F4DB54 /* animation.png */ = {isa = PBXFileReference; lastKnownFileType = image.png; path = animation.png; sourceTree = "<group>"; };
		0425D12D2A08E82700F4DB54 /* webService.png */ = {isa = PBXFileReference; lastKnownFileType = image.png; path = webService.png; sourceTree = "<group>"; };
		0425D12E2A08E82700F4DB54 /* android.png */ = {isa = PBXFileReference; lastKnownFileType = image.png; path = android.png; sourceTree = "<group>"; };
		0425D12F2A08E82700F4DB54 /* IoTMesh.png */ = {isa = PBXFileReference; lastKnownFileType = image.png; path = IoTMesh.png; sourceTree = "<group>"; };
		0425D1302A08E82700F4DB54 /* minecraft.png */ = {isa = PBXFileReference; lastKnownFileType = image.png; path = minecraft.png; sourceTree = "<group>"; };
		0425D1312A08E82700F4DB54 /* maya.png */ = {isa = PBXFileReference; lastKnownFileType = image.png; path = maya.png; sourceTree = "<group>"; };
		0425D1322A08E82700F4DB54 /* iphone.png */ = {isa = PBXFileReference; lastKnownFileType = image.png; path = iphone.png; sourceTree = "<group>"; };
		0425D1332A08E82700F4DB54 /* webDesign.png */ = {isa = PBXFileReference; lastKnownFileType = image.png; path = webDesign.png; sourceTree = "<group>"; };
		0425D1342A08E82700F4DB54 /* README.txt */ = {isa = PBXFileReference; fileEncoding = 4; lastKnownFileType = text; path = README.txt; sourceTree = "<group>"; };
		0425D1352A08E82700F4DB54 /* miku.png */ = {isa = PBXFileReference; lastKnownFileType = image.png; path = miku.png; sourceTree = "<group>"; };
		0425D1362A08E82700F4DB54 /* 2DGame.png */ = {isa = PBXFileReference; lastKnownFileType = image.png; path = 2DGame.png; sourceTree = "<group>"; };
		0425D1372A08E82700F4DB54 /* line.png */ = {isa = PBXFileReference; lastKnownFileType = image.png; path = line.png; sourceTree = "<group>"; };
		0425D1382A08E82700F4DB54 /* camera.png */ = {isa = PBXFileReference; lastKnownFileType = image.png; path = camera.png; sourceTree = "<group>"; };
		0425D1502A08EAD100F4DB54 /* ResultViewController.swift */ = {isa = PBXFileReference; lastKnownFileType = sourcecode.swift; path = ResultViewController.swift; sourceTree = "<group>"; };
/* End PBXFileReference section */

/* Begin PBXFrameworksBuildPhase section */
		0425D1052A08E7B300F4DB54 /* Frameworks */ = {
			isa = PBXFrameworksBuildPhase;
			buildActionMask = 2147483647;
			files = (
			);
			runOnlyForDeploymentPostprocessing = 0;
		};
/* End PBXFrameworksBuildPhase section */

/* Begin PBXGroup section */
		0425D0FF2A08E7B200F4DB54 = {
			isa = PBXGroup;
			children = (
				0425D10A2A08E7B300F4DB54 /* Gacha */,
				0425D1092A08E7B300F4DB54 /* Products */,
			);
			sourceTree = "<group>";
		};
		0425D1092A08E7B300F4DB54 /* Products */ = {
			isa = PBXGroup;
			children = (
				0425D1082A08E7B300F4DB54 /* Gacha.app */,
			);
			name = Products;
			sourceTree = "<group>";
		};
		0425D10A2A08E7B300F4DB54 /* Gacha */ = {
			isa = PBXGroup;
			children = (
				0425D10B2A08E7B300F4DB54 /* AppDelegate.swift */,
				0425D10D2A08E7B300F4DB54 /* SceneDelegate.swift */,
				0425D10F2A08E7B300F4DB54 /* ViewController.swift */,
				0425D1112A08E7B300F4DB54 /* Main.storyboard */,
				0425D1142A08E7B600F4DB54 /* Assets.xcassets */,
				0425D1162A08E7B600F4DB54 /* LaunchScreen.storyboard */,
				0425D1192A08E7B600F4DB54 /* Info.plist */,
				0425D11F2A08E82600F4DB54 /* GachaResources */,
				0425D1502A08EAD100F4DB54 /* ResultViewController.swift */,
			);
			path = Gacha;
			sourceTree = "<group>";
		};
		0425D11F2A08E82600F4DB54 /* GachaResources */ = {
			isa = PBXGroup;
			children = (
				0425D1202A08E82700F4DB54 /* background */,
				0425D1262A08E82700F4DB54 /* character */,
			);
			path = GachaResources;
			sourceTree = "<group>";
		};
		0425D1202A08E82700F4DB54 /* background */ = {
			isa = PBXGroup;
			children = (
				0425D1212A08E82700F4DB54 /* bgBlue.png */,
				0425D1222A08E82700F4DB54 /* bgGreen.png */,
				0425D1232A08E82700F4DB54 /* gacha.png */,
				0425D1242A08E82700F4DB54 /* bgRed.png */,
				0425D1252A08E82700F4DB54 /* Presentbox.png */,
			);
			path = background;
			sourceTree = "<group>";
		};
		0425D1262A08E82700F4DB54 /* character */ = {
			isa = PBXGroup;
			children = (
				0425D1272A08E82700F4DB54 /* mediaArt.png */,
				0425D1282A08E82700F4DB54 /* digitalMusic.png */,
				0425D1292A08E82700F4DB54 /* unity.png */,
				0425D12A2A08E82700F4DB54 /* designer.png */,
				0425D12B2A08E82700F4DB54 /* movie.png */,
				0425D12C2A08E82700F4DB54 /* animation.png */,
				0425D12D2A08E82700F4DB54 /* webService.png */,
				0425D12E2A08E82700F4DB54 /* android.png */,
				0425D12F2A08E82700F4DB54 /* IoTMesh.png */,
				0425D1302A08E82700F4DB54 /* minecraft.png */,
				0425D1312A08E82700F4DB54 /* maya.png */,
				0425D1322A08E82700F4DB54 /* iphone.png */,
				0425D1332A08E82700F4DB54 /* webDesign.png */,
				0425D1342A08E82700F4DB54 /* README.txt */,
				0425D1352A08E82700F4DB54 /* miku.png */,
				0425D1362A08E82700F4DB54 /* 2DGame.png */,
				0425D1372A08E82700F4DB54 /* line.png */,
				0425D1382A08E82700F4DB54 /* camera.png */,
			);
			path = character;
			sourceTree = "<group>";
		};
/* End PBXGroup section */

/* Begin PBXNativeTarget section */
		0425D1072A08E7B300F4DB54 /* Gacha */ = {
			isa = PBXNativeTarget;
			buildConfigurationList = 0425D11C2A08E7B600F4DB54 /* Build configuration list for PBXNativeTarget "Gacha" */;
			buildPhases = (
				0425D1042A08E7B300F4DB54 /* Sources */,
				0425D1052A08E7B300F4DB54 /* Frameworks */,
				0425D1062A08E7B300F4DB54 /* Resources */,
			);
			buildRules = (
			);
			dependencies = (
			);
			name = Gacha;
			productName = Gacha;
			productReference = 0425D1082A08E7B300F4DB54 /* Gacha.app */;
			productType = "com.apple.product-type.application";
		};
/* End PBXNativeTarget section */

/* Begin PBXProject section */
		0425D1002A08E7B200F4DB54 /* Project object */ = {
			isa = PBXProject;
			attributes = {
				BuildIndependentTargetsInParallel = 1;
				LastSwiftUpdateCheck = 1430;
				LastUpgradeCheck = 1430;
				TargetAttributes = {
					0425D1072A08E7B300F4DB54 = {
						CreatedOnToolsVersion = 14.3;
					};
				};
			};
			buildConfigurationList = 0425D1032A08E7B200F4DB54 /* Build configuration list for PBXProject "Gacha" */;
			compatibilityVersion = "Xcode 14.0";
			developmentRegion = en;
			hasScannedForEncodings = 0;
			knownRegions = (
				en,
				Base,
			);
			mainGroup = 0425D0FF2A08E7B200F4DB54;
			productRefGroup = 0425D1092A08E7B300F4DB54 /* Products */;
			projectDirPath = "";
			projectRoot = "";
			targets = (
				0425D1072A08E7B300F4DB54 /* Gacha */,
			);
		};
/* End PBXProject section */

/* Begin PBXResourcesBuildPhase section */
		0425D1062A08E7B300F4DB54 /* Resources */ = {
			isa = PBXResourcesBuildPhase;
			buildActionMask = 2147483647;
			files = (
				0425D1182A08E7B600F4DB54 /* LaunchScreen.storyboard in Resources */,
				0425D13E2A08E82700F4DB54 /* mediaArt.png in Resources */,
				0425D14B2A08E82700F4DB54 /* README.txt in Resources */,
				0425D13F2A08E82700F4DB54 /* digitalMusic.png in Resources */,
				0425D13C2A08E82700F4DB54 /* bgRed.png in Resources */,
				0425D1422A08E82700F4DB54 /* movie.png in Resources */,
				0425D14F2A08E82700F4DB54 /* camera.png in Resources */,
				0425D1472A08E82700F4DB54 /* minecraft.png in Resources */,
				0425D14A2A08E82700F4DB54 /* webDesign.png in Resources */,
				0425D1412A08E82700F4DB54 /* designer.png in Resources */,
				0425D1442A08E82700F4DB54 /* webService.png in Resources */,
				0425D1152A08E7B600F4DB54 /* Assets.xcassets in Resources */,
				0425D13D2A08E82700F4DB54 /* Presentbox.png in Resources */,
				0425D1402A08E82700F4DB54 /* unity.png in Resources */,
				0425D14D2A08E82700F4DB54 /* 2DGame.png in Resources */,
				0425D1462A08E82700F4DB54 /* IoTMesh.png in Resources */,
				0425D1492A08E82700F4DB54 /* iphone.png in Resources */,
				0425D14E2A08E82700F4DB54 /* line.png in Resources */,
				0425D1482A08E82700F4DB54 /* maya.png in Resources */,
				0425D14C2A08E82700F4DB54 /* miku.png in Resources */,
				0425D13A2A08E82700F4DB54 /* bgGreen.png in Resources */,
				0425D1392A08E82700F4DB54 /* bgBlue.png in Resources */,
				0425D13B2A08E82700F4DB54 /* gacha.png in Resources */,
				0425D1432A08E82700F4DB54 /* animation.png in Resources */,
				0425D1132A08E7B300F4DB54 /* Main.storyboard in Resources */,
				0425D1452A08E82700F4DB54 /* android.png in Resources */,
			);
			runOnlyForDeploymentPostprocessing = 0;
		};
/* End PBXResourcesBuildPhase section */

/* Begin PBXSourcesBuildPhase section */
		0425D1042A08E7B300F4DB54 /* Sources */ = {
			isa = PBXSourcesBuildPhase;
			buildActionMask = 2147483647;
			files = (
				0425D1102A08E7B300F4DB54 /* ViewController.swift in Sources */,
				0425D10C2A08E7B300F4DB54 /* AppDelegate.swift in Sources */,
				0425D10E2A08E7B300F4DB54 /* SceneDelegate.swift in Sources */,
				0425D1512A08EAD100F4DB54 /* ResultViewController.swift in Sources */,
			);
			runOnlyForDeploymentPostprocessing = 0;
		};
/* End PBXSourcesBuildPhase section */

/* Begin PBXVariantGroup section */
		0425D1112A08E7B300F4DB54 /* Main.storyboard */ = {
			isa = PBXVariantGroup;
			children = (
				0425D1122A08E7B300F4DB54 /* Base */,
			);
			name = Main.storyboard;
			sourceTree = "<group>";
		};
		0425D1162A08E7B600F4DB54 /* LaunchScreen.storyboard */ = {
			isa = PBXVariantGroup;
			children = (
				0425D1172A08E7B600F4DB54 /* Base */,
			);
			name = LaunchScreen.storyboard;
			sourceTree = "<group>";
		};
/* End PBXVariantGroup section */

/* Begin XCBuildConfiguration section */
		0425D11A2A08E7B600F4DB54 /* Debug */ = {
			isa = XCBuildConfiguration;
			buildSettings = {
				ALWAYS_SEARCH_USER_PATHS = NO;
				CLANG_ANALYZER_NONNULL = YES;
				CLANG_ANALYZER_NUMBER_OBJECT_CONVERSION = YES_AGGRESSIVE;
				CLANG_CXX_LANGUAGE_STANDARD = "gnu++20";
				CLANG_ENABLE_MODULES = YES;
				CLANG_ENABLE_OBJC_ARC = YES;
				CLANG_ENABLE_OBJC_WEAK = YES;
				CLANG_WARN_BLOCK_CAPTURE_AUTORELEASING = YES;
				CLANG_WARN_BOOL_CONVERSION = YES;
				CLANG_WARN_COMMA = YES;
				CLANG_WARN_CONSTANT_CONVERSION = YES;
				CLANG_WARN_DEPRECATED_OBJC_IMPLEMENTATIONS = YES;
				CLANG_WARN_DIRECT_OBJC_ISA_USAGE = YES_ERROR;
				CLANG_WARN_DOCUMENTATION_COMMENTS = YES;
				CLANG_WARN_EMPTY_BODY = YES;
				CLANG_WARN_ENUM_CONVERSION = YES;
				CLANG_WARN_INFINITE_RECURSION = YES;
				CLANG_WARN_INT_CONVERSION = YES;
				CLANG_WARN_NON_LITERAL_NULL_CONVERSION = YES;
				CLANG_WARN_OBJC_IMPLICIT_RETAIN_SELF = YES;
				CLANG_WARN_OBJC_LITERAL_CONVERSION = YES;
				CLANG_WARN_OBJC_ROOT_CLASS = YES_ERROR;
				CLANG_WARN_QUOTED_INCLUDE_IN_FRAMEWORK_HEADER = YES;
				CLANG_WARN_RANGE_LOOP_ANALYSIS = YES;
				CLANG_WARN_STRICT_PROTOTYPES = YES;
				CLANG_WARN_SUSPICIOUS_MOVE = YES;
				CLANG_WARN_UNGUARDED_AVAILABILITY = YES_AGGRESSIVE;
				CLANG_WARN_UNREACHABLE_CODE = YES;
				CLANG_WARN__DUPLICATE_METHOD_MATCH = YES;
				COPY_PHASE_STRIP = NO;
				DEBUG_INFORMATION_FORMAT = dwarf;
				ENABLE_STRICT_OBJC_MSGSEND = YES;
				ENABLE_TESTABILITY = YES;
				GCC_C_LANGUAGE_STANDARD = gnu11;
				GCC_DYNAMIC_NO_PIC = NO;
				GCC_NO_COMMON_BLOCKS = YES;
				GCC_OPTIMIZATION_LEVEL = 0;
				GCC_PREPROCESSOR_DEFINITIONS = (
					"DEBUG=1",
					"$(inherited)",
				);
				GCC_WARN_64_TO_32_BIT_CONVERSION = YES;
				GCC_WARN_ABOUT_RETURN_TYPE = YES_ERROR;
				GCC_WARN_UNDECLARED_SELECTOR = YES;
				GCC_WARN_UNINITIALIZED_AUTOS = YES_AGGRESSIVE;
				GCC_WARN_UNUSED_FUNCTION = YES;
				GCC_WARN_UNUSED_VARIABLE = YES;
				IPHONEOS_DEPLOYMENT_TARGET = 16.4;
				MTL_ENABLE_DEBUG_INFO = INCLUDE_SOURCE;
				MTL_FAST_MATH = YES;
				ONLY_ACTIVE_ARCH = YES;
				SDKROOT = iphoneos;
				SWIFT_ACTIVE_COMPILATION_CONDITIONS = DEBUG;
				SWIFT_OPTIMIZATION_LEVEL = "-Onone";
			};
			name = Debug;
		};
		0425D11B2A08E7B600F4DB54 /* Release */ = {
			isa = XCBuildConfiguration;
			buildSettings = {
				ALWAYS_SEARCH_USER_PATHS = NO;
				CLANG_ANALYZER_NONNULL = YES;
				CLANG_ANALYZER_NUMBER_OBJECT_CONVERSION = YES_AGGRESSIVE;
				CLANG_CXX_LANGUAGE_STANDARD = "gnu++20";
				CLANG_ENABLE_MODULES = YES;
				CLANG_ENABLE_OBJC_ARC = YES;
				CLANG_ENABLE_OBJC_WEAK = YES;
				CLANG_WARN_BLOCK_CAPTURE_AUTORELEASING = YES;
				CLANG_WARN_BOOL_CONVERSION = YES;
				CLANG_WARN_COMMA = YES;
				CLANG_WARN_CONSTANT_CONVERSION = YES;
				CLANG_WARN_DEPRECATED_OBJC_IMPLEMENTATIONS = YES;
				CLANG_WARN_DIRECT_OBJC_ISA_USAGE = YES_ERROR;
				CLANG_WARN_DOCUMENTATION_COMMENTS = YES;
				CLANG_WARN_EMPTY_BODY = YES;
				CLANG_WARN_ENUM_CONVERSION = YES;
				CLANG_WARN_INFINITE_RECURSION = YES;
				CLANG_WARN_INT_CONVERSION = YES;
				CLANG_WARN_NON_LITERAL_NULL_CONVERSION = YES;
				CLANG_WARN_OBJC_IMPLICIT_RETAIN_SELF = YES;
				CLANG_WARN_OBJC_LITERAL_CONVERSION = YES;
				CLANG_WARN_OBJC_ROOT_CLASS = YES_ERROR;
				CLANG_WARN_QUOTED_INCLUDE_IN_FRAMEWORK_HEADER = YES;
				CLANG_WARN_RANGE_LOOP_ANALYSIS = YES;
				CLANG_WARN_STRICT_PROTOTYPES = YES;
				CLANG_WARN_SUSPICIOUS_MOVE = YES;
				CLANG_WARN_UNGUARDED_AVAILABILITY = YES_AGGRESSIVE;
				CLANG_WARN_UNREACHABLE_CODE = YES;
				CLANG_WARN__DUPLICATE_METHOD_MATCH = YES;
				COPY_PHASE_STRIP = NO;
				DEBUG_INFORMATION_FORMAT = "dwarf-with-dsym";
				ENABLE_NS_ASSERTIONS = NO;
				ENABLE_STRICT_OBJC_MSGSEND = YES;
				GCC_C_LANGUAGE_STANDARD = gnu11;
				GCC_NO_COMMON_BLOCKS = YES;
				GCC_WARN_64_TO_32_BIT_CONVERSION = YES;
				GCC_WARN_ABOUT_RETURN_TYPE = YES_ERROR;
				GCC_WARN_UNDECLARED_SELECTOR = YES;
				GCC_WARN_UNINITIALIZED_AUTOS = YES_AGGRESSIVE;
				GCC_WARN_UNUSED_FUNCTION = YES;
				GCC_WARN_UNUSED_VARIABLE = YES;
				IPHONEOS_DEPLOYMENT_TARGET = 16.4;
				MTL_ENABLE_DEBUG_INFO = NO;
				MTL_FAST_MATH = YES;
				SDKROOT = iphoneos;
				SWIFT_COMPILATION_MODE = wholemodule;
				SWIFT_OPTIMIZATION_LEVEL = "-O";
				VALIDATE_PRODUCT = YES;
			};
			name = Release;
		};
		0425D11D2A08E7B600F4DB54 /* Debug */ = {
			isa = XCBuildConfiguration;
			buildSettings = {
				ASSETCATALOG_COMPILER_APPICON_NAME = AppIcon;
				ASSETCATALOG_COMPILER_GLOBAL_ACCENT_COLOR_NAME = AccentColor;
				CODE_SIGN_STYLE = Automatic;
				CURRENT_PROJECT_VERSION = 1;
				DEVELOPMENT_TEAM = RS7PQFS9MS;
				GENERATE_INFOPLIST_FILE = YES;
				INFOPLIST_FILE = Gacha/Info.plist;
				INFOPLIST_KEY_UIApplicationSupportsIndirectInputEvents = YES;
				INFOPLIST_KEY_UILaunchStoryboardName = LaunchScreen;
				INFOPLIST_KEY_UIMainStoryboardFile = Main;
				INFOPLIST_KEY_UISupportedInterfaceOrientations_iPad = "UIInterfaceOrientationPortrait UIInterfaceOrientationPortraitUpsideDown UIInterfaceOrientationLandscapeLeft UIInterfaceOrientationLandscapeRight";
				INFOPLIST_KEY_UISupportedInterfaceOrientations_iPhone = "UIInterfaceOrientationPortrait UIInterfaceOrientationLandscapeLeft UIInterfaceOrientationLandscapeRight";
				LD_RUNPATH_SEARCH_PATHS = (
					"$(inherited)",
					"@executable_path/Frameworks",
				);
				MARKETING_VERSION = 1.0;
				PRODUCT_BUNDLE_IDENTIFIER = app.fujii.maccha.Gacha;
				PRODUCT_NAME = "$(TARGET_NAME)";
				SWIFT_EMIT_LOC_STRINGS = YES;
				SWIFT_VERSION = 5.0;
				TARGETED_DEVICE_FAMILY = "1,2";
			};
			name = Debug;
		};
		0425D11E2A08E7B600F4DB54 /* Release */ = {
			isa = XCBuildConfiguration;
			buildSettings = {
				ASSETCATALOG_COMPILER_APPICON_NAME = AppIcon;
				ASSETCATALOG_COMPILER_GLOBAL_ACCENT_COLOR_NAME = AccentColor;
				CODE_SIGN_STYLE = Automatic;
				CURRENT_PROJECT_VERSION = 1;
				DEVELOPMENT_TEAM = RS7PQFS9MS;
				GENERATE_INFOPLIST_FILE = YES;
				INFOPLIST_FILE = Gacha/Info.plist;
				INFOPLIST_KEY_UIApplicationSupportsIndirectInputEvents = YES;
				INFOPLIST_KEY_UILaunchStoryboardName = LaunchScreen;
				INFOPLIST_KEY_UIMainStoryboardFile = Main;
				INFOPLIST_KEY_UISupportedInterfaceOrientations_iPad = "UIInterfaceOrientationPortrait UIInterfaceOrientationPortraitUpsideDown UIInterfaceOrientationLandscapeLeft UIInterfaceOrientationLandscapeRight";
				INFOPLIST_KEY_UISupportedInterfaceOrientations_iPhone = "UIInterfaceOrientationPortrait UIInterfaceOrientationLandscapeLeft UIInterfaceOrientationLandscapeRight";
				LD_RUNPATH_SEARCH_PATHS = (
					"$(inherited)",
					"@executable_path/Frameworks",
				);
				MARKETING_VERSION = 1.0;
				PRODUCT_BUNDLE_IDENTIFIER = app.fujii.maccha.Gacha;
				PRODUCT_NAME = "$(TARGET_NAME)";
				SWIFT_EMIT_LOC_STRINGS = YES;
				SWIFT_VERSION = 5.0;
				TARGETED_DEVICE_FAMILY = "1,2";
			};
			name = Release;
		};
/* End XCBuildConfiguration section */

/* Begin XCConfigurationList section */
		0425D1032A08E7B200F4DB54 /* Build configuration list for PBXProject "Gacha" */ = {
			isa = XCConfigurationList;
			buildConfigurations = (
				0425D11A2A08E7B600F4DB54 /* Debug */,
				0425D11B2A08E7B600F4DB54 /* Release */,
			);
			defaultConfigurationIsVisible = 0;
			defaultConfigurationName = Release;
		};
		0425D11C2A08E7B600F4DB54 /* Build configuration list for PBXNativeTarget "Gacha" */ = {
			isa = XCConfigurationList;
			buildConfigurations = (
				0425D11D2A08E7B600F4DB54 /* Debug */,
				0425D11E2A08E7B600F4DB54 /* Release */,
			);
			defaultConfigurationIsVisible = 0;
			defaultConfigurationName = Release;
		};
/* End XCConfigurationList section */
	};
	rootObject = 0425D1002A08E7B200F4DB54 /* Project object */;
}
